{
  "pins" : [
    {
      "identity" : "networking",
      "kind" : "remoteSourceControl",
      "location" : "https://github.com/freshOS/Networking",
      "state" : {
        "revision" : "bfb1e8b33a4b980fa2957f67f591973bdbeace8f",
        "version" : "0.3.5"
      }
    }
  ],
  "version" : 2
}
